
Microsoft Visual Studio Solution File, Format Version 12.00
# Visual Studio Version 17
VisualStudioVersion = 17.13.35919.96 d17.13
MinimumVisualStudioVersion = 10.0.40219.1
Project("{FAE04EC0-301F-11D3-BF4B-00C04F79EFBC}") = "LojaTenisAPI", "LojaTenisAPI\LojaTenisAPI.csproj", "{46E9D3D8-82E9-4228-8ED8-E933D5ED251C}"
EndProject
Global
	GlobalSection(SolutionConfigurationPlatforms) = preSolution
		Debug|Any CPU = Debug|Any CPU
		Release|Any CPU = Release|Any CPU
	EndGlobalSection
	GlobalSection(ProjectConfigurationPlatforms) = postSolution
		{46E9D3D8-82E9-4228-8ED8-E933D5ED251C}.Debug|Any CPU.ActiveCfg = Debug|Any CPU
		{46E9D3D8-82E9-4228-8ED8-E933D5ED251C}.Debug|Any CPU.Build.0 = Debug|Any CPU
		{46E9D3D8-82E9-4228-8ED8-E933D5ED251C}.Release|Any CPU.ActiveCfg = Release|Any CPU
		{46E9D3D8-82E9-4228-8ED8-E933D5ED251C}.Release|Any CPU.Build.0 = Release|Any CPU
	EndGlobalSection
	GlobalSection(SolutionProperties) = preSolution
		HideSolutionNode = FALSE
	EndGlobalSection
	GlobalSection(ExtensibilityGlobals) = postSolution
		SolutionGuid = {AB112AD2-67BB-46C8-98F6-3C734971078C}
	EndGlobalSection
EndGlobal
